
Microsoft Visual Studio Solution File, Format Version 12.00
# Visual Studio Version 16
VisualStudioVersion = 16.0.29609.76
MinimumVisualStudioVersion = 10.0.40219.1
Project("{FAE04EC0-301F-11D3-BF4B-00C04F79EFBC}") = "WindowsFormsApp8", "WindowsFormsApp8.csproj", "{9A47788B-5BF6-4481-BE51-ABDA4B8D437D}"
EndProject
Global
	GlobalSection(SolutionConfigurationPlatforms) = preSolution
		Debug|Any CPU = Debug|Any CPU
		Release|Any CPU = Release|Any CPU
	EndGlobalSection
	GlobalSection(ProjectConfigurationPlatforms) = postSolution
		{9A47788B-5BF6-4481-BE51-ABDA4B8D437D}.Debug|Any CPU.ActiveCfg = Debug|Any CPU
		{9A47788B-5BF6-4481-BE51-ABDA4B8D437D}.Debug|Any CPU.Build.0 = Debug|Any CPU
		{9A47788B-5BF6-4481-BE51-ABDA4B8D437D}.Release|Any CPU.ActiveCfg = Release|Any CPU
		{9A47788B-5BF6-4481-BE51-ABDA4B8D437D}.Release|Any CPU.Build.0 = Release|Any CPU
	EndGlobalSection
	GlobalSection(SolutionProperties) = preSolution
		HideSolutionNode = FALSE
	EndGlobalSection
	GlobalSection(ExtensibilityGlobals) = postSolution
		SolutionGuid = {E7F997FC-8C4D-41EA-AC0A-0813B168F598}
	EndGlobalSection
EndGlobal
